
Microsoft Visual Studio Solution File, Format Version 12.00
# Visual Studio Version 17
VisualStudioVersion = 17.3.32825.248
MinimumVisualStudioVersion = 10.0.40219.1
Project("{FAE04EC0-301F-11D3-BF4B-00C04F79EFBC}") = "Demo", "Demo\Demo.csproj", "{2C8B4BAB-16D8-4A8F-8B6E-9F00F268103B}"
EndProject
Global
	GlobalSection(SolutionConfigurationPlatforms) = preSolution
		Debug|Any CPU = Debug|Any CPU
		Release|Any CPU = Release|Any CPU
	EndGlobalSection
	GlobalSection(ProjectConfigurationPlatforms) = postSolution
		{2C8B4BAB-16D8-4A8F-8B6E-9F00F268103B}.Debug|Any CPU.ActiveCfg = Debug|Any CPU
		{2C8B4BAB-16D8-4A8F-8B6E-9F00F268103B}.Debug|Any CPU.Build.0 = Debug|Any CPU
		{2C8B4BAB-16D8-4A8F-8B6E-9F00F268103B}.Release|Any CPU.ActiveCfg = Release|Any CPU
		{2C8B4BAB-16D8-4A8F-8B6E-9F00F268103B}.Release|Any CPU.Build.0 = Release|Any CPU
	EndGlobalSection
	GlobalSection(SolutionProperties) = preSolution
		HideSolutionNode = FALSE
	EndGlobalSection
	GlobalSection(ExtensibilityGlobals) = postSolution
		SolutionGuid = {92C44D09-5DF3-4EFC-9864-DE34326EB269}
	EndGlobalSection
EndGlobal
