
Microsoft Visual Studio Solution File, Format Version 12.00
# Visual Studio Version 17
VisualStudioVersion = 17.3.32825.248
MinimumVisualStudioVersion = 10.0.40219.1
Project("{FAE04EC0-301F-11D3-BF4B-00C04F79EFBC}") = "HolaMundo", "HolaMundo\HolaMundo.csproj", "{EA4BBE60-6FE8-416F-8EA8-900005C628D7}"
EndProject
Global
	GlobalSection(SolutionConfigurationPlatforms) = preSolution
		Debug|Any CPU = Debug|Any CPU
		Release|Any CPU = Release|Any CPU
	EndGlobalSection
	GlobalSection(ProjectConfigurationPlatforms) = postSolution
		{EA4BBE60-6FE8-416F-8EA8-900005C628D7}.Debug|Any CPU.ActiveCfg = Debug|Any CPU
		{EA4BBE60-6FE8-416F-8EA8-900005C628D7}.Debug|Any CPU.Build.0 = Debug|Any CPU
		{EA4BBE60-6FE8-416F-8EA8-900005C628D7}.Release|Any CPU.ActiveCfg = Release|Any CPU
		{EA4BBE60-6FE8-416F-8EA8-900005C628D7}.Release|Any CPU.Build.0 = Release|Any CPU
	EndGlobalSection
	GlobalSection(SolutionProperties) = preSolution
		HideSolutionNode = FALSE
	EndGlobalSection
	GlobalSection(ExtensibilityGlobals) = postSolution
		SolutionGuid = {A205937D-F1B5-4896-B98B-6310E13605CF}
	EndGlobalSection
EndGlobal
