
Microsoft Visual Studio Solution File, Format Version 12.00
# Visual Studio Version 17
VisualStudioVersion = 17.3.32825.248
MinimumVisualStudioVersion = 10.0.40219.1
Project("{FAE04EC0-301F-11D3-BF4B-00C04F79EFBC}") = "UT2E1", "UT2E1\UT2E1.csproj", "{EE46B6BF-BBA7-4F7E-BABD-8D5DE67F272F}"
EndProject
Global
	GlobalSection(SolutionConfigurationPlatforms) = preSolution
		Debug|Any CPU = Debug|Any CPU
		Release|Any CPU = Release|Any CPU
	EndGlobalSection
	GlobalSection(ProjectConfigurationPlatforms) = postSolution
		{EE46B6BF-BBA7-4F7E-BABD-8D5DE67F272F}.Debug|Any CPU.ActiveCfg = Debug|Any CPU
		{EE46B6BF-BBA7-4F7E-BABD-8D5DE67F272F}.Debug|Any CPU.Build.0 = Debug|Any CPU
		{EE46B6BF-BBA7-4F7E-BABD-8D5DE67F272F}.Release|Any CPU.ActiveCfg = Release|Any CPU
		{EE46B6BF-BBA7-4F7E-BABD-8D5DE67F272F}.Release|Any CPU.Build.0 = Release|Any CPU
	EndGlobalSection
	GlobalSection(SolutionProperties) = preSolution
		HideSolutionNode = FALSE
	EndGlobalSection
	GlobalSection(ExtensibilityGlobals) = postSolution
		SolutionGuid = {FFD54E4F-1513-474D-838D-A5B14EF28422}
	EndGlobalSection
EndGlobal
