
Microsoft Visual Studio Solution File, Format Version 12.00
# Visual Studio Version 17
VisualStudioVersion = 17.3.32825.248
MinimumVisualStudioVersion = 10.0.40219.1
Project("{FAE04EC0-301F-11D3-BF4B-00C04F79EFBC}") = "UT2Ej8", "UT2Ej8\UT2Ej8.csproj", "{6CB2C80F-A935-42AB-96D5-E613507F01E4}"
EndProject
Global
	GlobalSection(SolutionConfigurationPlatforms) = preSolution
		Debug|Any CPU = Debug|Any CPU
		Release|Any CPU = Release|Any CPU
	EndGlobalSection
	GlobalSection(ProjectConfigurationPlatforms) = postSolution
		{6CB2C80F-A935-42AB-96D5-E613507F01E4}.Debug|Any CPU.ActiveCfg = Debug|Any CPU
		{6CB2C80F-A935-42AB-96D5-E613507F01E4}.Debug|Any CPU.Build.0 = Debug|Any CPU
		{6CB2C80F-A935-42AB-96D5-E613507F01E4}.Release|Any CPU.ActiveCfg = Release|Any CPU
		{6CB2C80F-A935-42AB-96D5-E613507F01E4}.Release|Any CPU.Build.0 = Release|Any CPU
	EndGlobalSection
	GlobalSection(SolutionProperties) = preSolution
		HideSolutionNode = FALSE
	EndGlobalSection
	GlobalSection(ExtensibilityGlobals) = postSolution
		SolutionGuid = {2B73ADB1-8639-4824-89B9-8AC45E05C085}
	EndGlobalSection
EndGlobal
